
Microsoft Visual Studio Solution File, Format Version 12.00
# Visual Studio Version 17
VisualStudioVersion = 17.1.32328.378
MinimumVisualStudioVersion = 10.0.40219.1
Project("{FAE04EC0-301F-11D3-BF4B-00C04F79EFBC}") = "UserService", "ServiceUser\UserService.csproj", "{B45D7857-5364-4B20-802E-408DEB234643}"
EndProject
Project("{FAE04EC0-301F-11D3-BF4B-00C04F79EFBC}") = "ProductService", "ProductService\ProductService.csproj", "{5356ED33-79AF-4942-A66C-9F454CFFDD27}"
EndProject
Project("{FAE04EC0-301F-11D3-BF4B-00C04F79EFBC}") = "OrderService", "OrderService\OrderService.csproj", "{C8058F27-1606-4084-B506-E47E7B4F550E}"
EndProject
Project("{FAE04EC0-301F-11D3-BF4B-00C04F79EFBC}") = "OrderProcessor", "OrderProcessor\OrderProcessor.csproj", "{5AE07CFC-E70D-464B-95C9-59030BE9217E}"
EndProject
Project("{E53339B2-1760-4266-BCC7-CA923CBCF16C}") = "docker-compose", "docker-compose.dcproj", "{2D679ACB-610A-4703-A039-1C21F7F48E3F}"
EndProject
Global
	GlobalSection(SolutionConfigurationPlatforms) = preSolution
		Debug|Any CPU = Debug|Any CPU
		Release|Any CPU = Release|Any CPU
	EndGlobalSection
	GlobalSection(ProjectConfigurationPlatforms) = postSolution
		{B45D7857-5364-4B20-802E-408DEB234643}.Debug|Any CPU.ActiveCfg = Debug|Any CPU
		{B45D7857-5364-4B20-802E-408DEB234643}.Debug|Any CPU.Build.0 = Debug|Any CPU
		{B45D7857-5364-4B20-802E-408DEB234643}.Release|Any CPU.ActiveCfg = Release|Any CPU
		{B45D7857-5364-4B20-802E-408DEB234643}.Release|Any CPU.Build.0 = Release|Any CPU
		{5356ED33-79AF-4942-A66C-9F454CFFDD27}.Debug|Any CPU.ActiveCfg = Debug|Any CPU
		{5356ED33-79AF-4942-A66C-9F454CFFDD27}.Debug|Any CPU.Build.0 = Debug|Any CPU
		{5356ED33-79AF-4942-A66C-9F454CFFDD27}.Release|Any CPU.ActiveCfg = Release|Any CPU
		{5356ED33-79AF-4942-A66C-9F454CFFDD27}.Release|Any CPU.Build.0 = Release|Any CPU
		{C8058F27-1606-4084-B506-E47E7B4F550E}.Debug|Any CPU.ActiveCfg = Debug|Any CPU
		{C8058F27-1606-4084-B506-E47E7B4F550E}.Debug|Any CPU.Build.0 = Debug|Any CPU
		{C8058F27-1606-4084-B506-E47E7B4F550E}.Release|Any CPU.ActiveCfg = Release|Any CPU
		{C8058F27-1606-4084-B506-E47E7B4F550E}.Release|Any CPU.Build.0 = Release|Any CPU
		{5AE07CFC-E70D-464B-95C9-59030BE9217E}.Debug|Any CPU.ActiveCfg = Debug|Any CPU
		{5AE07CFC-E70D-464B-95C9-59030BE9217E}.Debug|Any CPU.Build.0 = Debug|Any CPU
		{5AE07CFC-E70D-464B-95C9-59030BE9217E}.Release|Any CPU.ActiveCfg = Release|Any CPU
		{5AE07CFC-E70D-464B-95C9-59030BE9217E}.Release|Any CPU.Build.0 = Release|Any CPU
		{2D679ACB-610A-4703-A039-1C21F7F48E3F}.Debug|Any CPU.ActiveCfg = Debug|Any CPU
		{2D679ACB-610A-4703-A039-1C21F7F48E3F}.Debug|Any CPU.Build.0 = Debug|Any CPU
		{2D679ACB-610A-4703-A039-1C21F7F48E3F}.Release|Any CPU.ActiveCfg = Release|Any CPU
		{2D679ACB-610A-4703-A039-1C21F7F48E3F}.Release|Any CPU.Build.0 = Release|Any CPU
	EndGlobalSection
	GlobalSection(SolutionProperties) = preSolution
		HideSolutionNode = FALSE
	EndGlobalSection
	GlobalSection(ExtensibilityGlobals) = postSolution
		SolutionGuid = {431BB6F9-400C-4FA7-99A3-848D0478C760}
	EndGlobalSection
EndGlobal
